
Microsoft Visual Studio Solution File, Format Version 12.00
# Visual Studio 15
VisualStudioVersion = 15.0.26730.16
MinimumVisualStudioVersion = 10.0.40219.1
Project("{8BC9CEB8-8B4A-11D0-8D11-00A0C91BC942}") = "Sorting", "Sorting\Sorting.vcxproj", "{222C9B70-23AB-46BA-A38D-A1A284947F07}"
EndProject
Global
	GlobalSection(SolutionConfigurationPlatforms) = preSolution
		Debug|x64 = Debug|x64
		Debug|x86 = Debug|x86
		Release|x64 = Release|x64
		Release|x86 = Release|x86
	EndGlobalSection
	GlobalSection(ProjectConfigurationPlatforms) = postSolution
		{222C9B70-23AB-46BA-A38D-A1A284947F07}.Debug|x64.ActiveCfg = Debug|x64
		{222C9B70-23AB-46BA-A38D-A1A284947F07}.Debug|x64.Build.0 = Debug|x64
		{222C9B70-23AB-46BA-A38D-A1A284947F07}.Debug|x86.ActiveCfg = Debug|Win32
		{222C9B70-23AB-46BA-A38D-A1A284947F07}.Debug|x86.Build.0 = Debug|Win32
		{222C9B70-23AB-46BA-A38D-A1A284947F07}.Release|x64.ActiveCfg = Release|x64
		{222C9B70-23AB-46BA-A38D-A1A284947F07}.Release|x64.Build.0 = Release|x64
		{222C9B70-23AB-46BA-A38D-A1A284947F07}.Release|x86.ActiveCfg = Release|Win32
		{222C9B70-23AB-46BA-A38D-A1A284947F07}.Release|x86.Build.0 = Release|Win32
	EndGlobalSection
	GlobalSection(SolutionProperties) = preSolution
		HideSolutionNode = FALSE
	EndGlobalSection
	GlobalSection(ExtensibilityGlobals) = postSolution
		SolutionGuid = {21ADF834-43F4-46F7-9ABF-9C585310C578}
	EndGlobalSection
EndGlobal
